
Microsoft Visual Studio Solution File, Format Version 12.00
# Visual Studio Version 16
VisualStudioVersion = 16.0.31729.503
MinimumVisualStudioVersion = 10.0.40219.1
Project("{FAE04EC0-301F-11D3-BF4B-00C04F79EFBC}") = "Rpa_Aec", "Rpa_Aec.csproj", "{8D06776B-DE05-4E94-BB6B-D39D10941AA3}"
EndProject
Project("{FAE04EC0-301F-11D3-BF4B-00C04F79EFBC}") = "Rpa_Aec.Domain", "..\Rpa_Aec.Domain\Rpa_Aec.Domain.csproj", "{40EC2649-4D53-4192-8274-C4FBA65EB484}"
EndProject
Project("{FAE04EC0-301F-11D3-BF4B-00C04F79EFBC}") = "Rpa_Aec.Services", "..\Rpa_Aec.Services\Rpa_Aec.Services.csproj", "{49B1641B-C922-4146-9E11-8A3783505CD1}"
EndProject
Project("{FAE04EC0-301F-11D3-BF4B-00C04F79EFBC}") = "Rpa_Aec.Repository", "..\Rpa_Aec.Repository\Rpa_Aec.Repository.csproj", "{51B29D62-98DA-4935-87EA-CD4C9962F10C}"
EndProject
Project("{FAE04EC0-301F-11D3-BF4B-00C04F79EFBC}") = "Rpa_Aec.Infra", "..\Rpa_Aec.Infra\Rpa_Aec.Infra.csproj", "{71A3AAEC-67EB-4C6D-A341-AACF1C87B80D}"
EndProject
Global
	GlobalSection(SolutionConfigurationPlatforms) = preSolution
		Debug|Any CPU = Debug|Any CPU
		Release|Any CPU = Release|Any CPU
	EndGlobalSection
	GlobalSection(ProjectConfigurationPlatforms) = postSolution
		{8D06776B-DE05-4E94-BB6B-D39D10941AA3}.Debug|Any CPU.ActiveCfg = Debug|Any CPU
		{8D06776B-DE05-4E94-BB6B-D39D10941AA3}.Debug|Any CPU.Build.0 = Debug|Any CPU
		{8D06776B-DE05-4E94-BB6B-D39D10941AA3}.Release|Any CPU.ActiveCfg = Release|Any CPU
		{8D06776B-DE05-4E94-BB6B-D39D10941AA3}.Release|Any CPU.Build.0 = Release|Any CPU
		{40EC2649-4D53-4192-8274-C4FBA65EB484}.Debug|Any CPU.ActiveCfg = Debug|Any CPU
		{40EC2649-4D53-4192-8274-C4FBA65EB484}.Debug|Any CPU.Build.0 = Debug|Any CPU
		{40EC2649-4D53-4192-8274-C4FBA65EB484}.Release|Any CPU.ActiveCfg = Release|Any CPU
		{40EC2649-4D53-4192-8274-C4FBA65EB484}.Release|Any CPU.Build.0 = Release|Any CPU
		{49B1641B-C922-4146-9E11-8A3783505CD1}.Debug|Any CPU.ActiveCfg = Debug|Any CPU
		{49B1641B-C922-4146-9E11-8A3783505CD1}.Debug|Any CPU.Build.0 = Debug|Any CPU
		{49B1641B-C922-4146-9E11-8A3783505CD1}.Release|Any CPU.ActiveCfg = Release|Any CPU
		{49B1641B-C922-4146-9E11-8A3783505CD1}.Release|Any CPU.Build.0 = Release|Any CPU
		{51B29D62-98DA-4935-87EA-CD4C9962F10C}.Debug|Any CPU.ActiveCfg = Debug|Any CPU
		{51B29D62-98DA-4935-87EA-CD4C9962F10C}.Debug|Any CPU.Build.0 = Debug|Any CPU
		{51B29D62-98DA-4935-87EA-CD4C9962F10C}.Release|Any CPU.ActiveCfg = Release|Any CPU
		{51B29D62-98DA-4935-87EA-CD4C9962F10C}.Release|Any CPU.Build.0 = Release|Any CPU
		{71A3AAEC-67EB-4C6D-A341-AACF1C87B80D}.Debug|Any CPU.ActiveCfg = Debug|Any CPU
		{71A3AAEC-67EB-4C6D-A341-AACF1C87B80D}.Debug|Any CPU.Build.0 = Debug|Any CPU
		{71A3AAEC-67EB-4C6D-A341-AACF1C87B80D}.Release|Any CPU.ActiveCfg = Release|Any CPU
		{71A3AAEC-67EB-4C6D-A341-AACF1C87B80D}.Release|Any CPU.Build.0 = Release|Any CPU
	EndGlobalSection
	GlobalSection(SolutionProperties) = preSolution
		HideSolutionNode = FALSE
	EndGlobalSection
	GlobalSection(ExtensibilityGlobals) = postSolution
		SolutionGuid = {C183FB72-EF1C-4B5F-A9F9-B13D544ACEE0}
	EndGlobalSection
EndGlobal
